- header: Skreddersy ditt behov
  paragraph: Lorem ipsum dolor sit amet, consectetur adipiscing elit. Morbi feugiat nunc eget neque faucibus, vel aliquam odio tempus. Orci varius natoque penatibus et magnis dis parturient montes, nascetur ridiculus mus. Nulla ornare ipsum nec lectus mollis fringilla. Proin aliquam egestas orci, vitae placerat mi faucibus eu. Aenean dictum sapien vitae dolor laoreet, et accumsan
  custom-markdown: "<b>test</b>"
- header: Videreutvikle din virksomhet
  paragraph: Lorem ipsum dolor sit amet, consectetur adipiscing elit. Morbi feugiat nunc eget neque faucibus, vel aliquam odio tempus. Orci varius natoque penatibus et magnis dis parturient montes, nascetur ridiculus mus. Nulla ornare ipsum nec lectus mollis fringilla. Proin aliquam egestas orci, vitae placerat mi faucibus eu. Aenean dictum sapien vitae dolor laoreet, et accumsan
  custom-markdown: 
